
Microsoft Visual Studio Solution File, Format Version 12.00
# Visual Studio Version 17
VisualStudioVersion = 17.9.34728.123
MinimumVisualStudioVersion = 10.0.40219.1
Project("{9A19103F-16F7-4668-BE54-9A1E7A4F7556}") = "CleanArchMvc.Domain", "CleanArchMvc.Domain\CleanArchMvc.Domain.csproj", "{0E689EBF-A555-488B-A8D9-A8B75A32D033}"
EndProject
Project("{9A19103F-16F7-4668-BE54-9A1E7A4F7556}") = "CleanArchMvc.Application", "CleanArchMvc.Application\CleanArchMvc.Application.csproj", "{AA56E030-64EF-4F57-A37F-E03F03A9D56C}"
EndProject
Project("{9A19103F-16F7-4668-BE54-9A1E7A4F7556}") = "CleanArchMvc.Infra.Data", "CleanArchMvc.Infra.Data\CleanArchMvc.Infra.Data.csproj", "{0CFBCB19-8C07-462A-A064-F95FC0295604}"
EndProject
Project("{9A19103F-16F7-4668-BE54-9A1E7A4F7556}") = "CleanArchMvc.Infra.IoC", "CleanArchMvc.Infra.IoC\CleanArchMvc.Infra.IoC.csproj", "{2CDD00D7-7C00-4564-88F2-9220F65A797E}"
EndProject
Project("{9A19103F-16F7-4668-BE54-9A1E7A4F7556}") = "CleanArchMvc.WebUI", "CleanArchMvc.WebUI\CleanArchMvc.WebUI.csproj", "{79AB4025-063E-4670-9A6F-243B8DB9AA17}"
EndProject
Project("{9A19103F-16F7-4668-BE54-9A1E7A4F7556}") = "CleanArchMvc.Domain.Tests", "CleanArchMvc.Domain.Tests\CleanArchMvc.Domain.Tests.csproj", "{9D520AE7-BF76-41AB-8B2A-96CA1D34854E}"
EndProject
Project("{9A19103F-16F7-4668-BE54-9A1E7A4F7556}") = "CleanArchMvc.API", "CleanArchMvc.API\CleanArchMvc.API.csproj", "{8E626F48-B9C7-49C2-8E17-9EC6234F5D07}"
EndProject
Project("{2150E333-8FDC-42A3-9474-1A3956D46DE8}") = "0 - Test", "0 - Test", "{9998C495-3BB5-4DF4-AC52-281C7F9C942E}"
EndProject
Project("{2150E333-8FDC-42A3-9474-1A3956D46DE8}") = "1 - Core", "1 - Core", "{0C98FA54-DB1F-4496-BB81-AC5107A01B09}"
EndProject
Project("{2150E333-8FDC-42A3-9474-1A3956D46DE8}") = "2 - Infraestructure", "2 - Infraestructure", "{89B74805-E7D6-4F2D-8C26-CED0669013E7}"
EndProject
Project("{2150E333-8FDC-42A3-9474-1A3956D46DE8}") = "3 - Presentation", "3 - Presentation", "{B9F082CA-5A99-41ED-A5F6-C0A94157C837}"
EndProject
Global
	GlobalSection(SolutionConfigurationPlatforms) = preSolution
		Debug|Any CPU = Debug|Any CPU
		Release|Any CPU = Release|Any CPU
	EndGlobalSection
	GlobalSection(ProjectConfigurationPlatforms) = postSolution
		{0E689EBF-A555-488B-A8D9-A8B75A32D033}.Debug|Any CPU.ActiveCfg = Debug|Any CPU
		{0E689EBF-A555-488B-A8D9-A8B75A32D033}.Debug|Any CPU.Build.0 = Debug|Any CPU
		{0E689EBF-A555-488B-A8D9-A8B75A32D033}.Release|Any CPU.ActiveCfg = Release|Any CPU
		{0E689EBF-A555-488B-A8D9-A8B75A32D033}.Release|Any CPU.Build.0 = Release|Any CPU
		{AA56E030-64EF-4F57-A37F-E03F03A9D56C}.Debug|Any CPU.ActiveCfg = Debug|Any CPU
		{AA56E030-64EF-4F57-A37F-E03F03A9D56C}.Debug|Any CPU.Build.0 = Debug|Any CPU
		{AA56E030-64EF-4F57-A37F-E03F03A9D56C}.Release|Any CPU.ActiveCfg = Release|Any CPU
		{AA56E030-64EF-4F57-A37F-E03F03A9D56C}.Release|Any CPU.Build.0 = Release|Any CPU
		{0CFBCB19-8C07-462A-A064-F95FC0295604}.Debug|Any CPU.ActiveCfg = Debug|Any CPU
		{0CFBCB19-8C07-462A-A064-F95FC0295604}.Debug|Any CPU.Build.0 = Debug|Any CPU
		{0CFBCB19-8C07-462A-A064-F95FC0295604}.Release|Any CPU.ActiveCfg = Release|Any CPU
		{0CFBCB19-8C07-462A-A064-F95FC0295604}.Release|Any CPU.Build.0 = Release|Any CPU
		{2CDD00D7-7C00-4564-88F2-9220F65A797E}.Debug|Any CPU.ActiveCfg = Debug|Any CPU
		{2CDD00D7-7C00-4564-88F2-9220F65A797E}.Debug|Any CPU.Build.0 = Debug|Any CPU
		{2CDD00D7-7C00-4564-88F2-9220F65A797E}.Release|Any CPU.ActiveCfg = Release|Any CPU
		{2CDD00D7-7C00-4564-88F2-9220F65A797E}.Release|Any CPU.Build.0 = Release|Any CPU
		{79AB4025-063E-4670-9A6F-243B8DB9AA17}.Debug|Any CPU.ActiveCfg = Debug|Any CPU
		{79AB4025-063E-4670-9A6F-243B8DB9AA17}.Debug|Any CPU.Build.0 = Debug|Any CPU
		{79AB4025-063E-4670-9A6F-243B8DB9AA17}.Release|Any CPU.ActiveCfg = Release|Any CPU
		{79AB4025-063E-4670-9A6F-243B8DB9AA17}.Release|Any CPU.Build.0 = Release|Any CPU
		{9D520AE7-BF76-41AB-8B2A-96CA1D34854E}.Debug|Any CPU.ActiveCfg = Debug|Any CPU
		{9D520AE7-BF76-41AB-8B2A-96CA1D34854E}.Debug|Any CPU.Build.0 = Debug|Any CPU
		{9D520AE7-BF76-41AB-8B2A-96CA1D34854E}.Release|Any CPU.ActiveCfg = Release|Any CPU
		{9D520AE7-BF76-41AB-8B2A-96CA1D34854E}.Release|Any CPU.Build.0 = Release|Any CPU
		{8E626F48-B9C7-49C2-8E17-9EC6234F5D07}.Debug|Any CPU.ActiveCfg = Debug|Any CPU
		{8E626F48-B9C7-49C2-8E17-9EC6234F5D07}.Debug|Any CPU.Build.0 = Debug|Any CPU
		{8E626F48-B9C7-49C2-8E17-9EC6234F5D07}.Release|Any CPU.ActiveCfg = Release|Any CPU
		{8E626F48-B9C7-49C2-8E17-9EC6234F5D07}.Release|Any CPU.Build.0 = Release|Any CPU
	EndGlobalSection
	GlobalSection(SolutionProperties) = preSolution
		HideSolutionNode = FALSE
	EndGlobalSection
	GlobalSection(NestedProjects) = preSolution
		{0E689EBF-A555-488B-A8D9-A8B75A32D033} = {0C98FA54-DB1F-4496-BB81-AC5107A01B09}
		{AA56E030-64EF-4F57-A37F-E03F03A9D56C} = {0C98FA54-DB1F-4496-BB81-AC5107A01B09}
		{0CFBCB19-8C07-462A-A064-F95FC0295604} = {89B74805-E7D6-4F2D-8C26-CED0669013E7}
		{2CDD00D7-7C00-4564-88F2-9220F65A797E} = {89B74805-E7D6-4F2D-8C26-CED0669013E7}
		{79AB4025-063E-4670-9A6F-243B8DB9AA17} = {B9F082CA-5A99-41ED-A5F6-C0A94157C837}
		{9D520AE7-BF76-41AB-8B2A-96CA1D34854E} = {9998C495-3BB5-4DF4-AC52-281C7F9C942E}
		{8E626F48-B9C7-49C2-8E17-9EC6234F5D07} = {B9F082CA-5A99-41ED-A5F6-C0A94157C837}
	EndGlobalSection
	GlobalSection(ExtensibilityGlobals) = postSolution
		SolutionGuid = {FFABA679-79CD-4023-B235-70569E54A0AF}
	EndGlobalSection
EndGlobal
